
Microsoft Visual Studio Solution File, Format Version 12.00
# Visual Studio Version 17
VisualStudioVersion = 17.2.32616.157
MinimumVisualStudioVersion = 10.0.40219.1
Project("{FAE04EC0-301F-11D3-BF4B-00C04F79EFBC}") = "makechange", "makechange.csproj", "{015AE1B7-3D17-4B4E-AAB5-4B2153789554}"
EndProject
Global
	GlobalSection(SolutionConfigurationPlatforms) = preSolution
		Debug|Any CPU = Debug|Any CPU
		Release|Any CPU = Release|Any CPU
	EndGlobalSection
	GlobalSection(ProjectConfigurationPlatforms) = postSolution
		{015AE1B7-3D17-4B4E-AAB5-4B2153789554}.Debug|Any CPU.ActiveCfg = Debug|Any CPU
		{015AE1B7-3D17-4B4E-AAB5-4B2153789554}.Debug|Any CPU.Build.0 = Debug|Any CPU
		{015AE1B7-3D17-4B4E-AAB5-4B2153789554}.Release|Any CPU.ActiveCfg = Release|Any CPU
		{015AE1B7-3D17-4B4E-AAB5-4B2153789554}.Release|Any CPU.Build.0 = Release|Any CPU
	EndGlobalSection
	GlobalSection(SolutionProperties) = preSolution
		HideSolutionNode = FALSE
	EndGlobalSection
	GlobalSection(ExtensibilityGlobals) = postSolution
		SolutionGuid = {0516D6F5-CD2E-4914-91E7-365385F3476B}
	EndGlobalSection
EndGlobal
